
Microsoft Visual Studio Solution File, Format Version 12.00
# Visual Studio 15
VisualStudioVersion = 15.0.27703.2035
MinimumVisualStudioVersion = 10.0.40219.1
Project("{FAE04EC0-301F-11D3-BF4B-00C04F79EFBC}") = "ConsoleApp1", "ConsoleApp1\ConsoleApp1.csproj", "{B8DD1B20-9B2C-4D4E-9E9C-94BB71398F92}"
EndProject
Global
	GlobalSection(SolutionConfigurationPlatforms) = preSolution
		Debug|Any CPU = Debug|Any CPU
		Release|Any CPU = Release|Any CPU
	EndGlobalSection
	GlobalSection(ProjectConfigurationPlatforms) = postSolution
		{B8DD1B20-9B2C-4D4E-9E9C-94BB71398F92}.Debug|Any CPU.ActiveCfg = Debug|Any CPU
		{B8DD1B20-9B2C-4D4E-9E9C-94BB71398F92}.Debug|Any CPU.Build.0 = Debug|Any CPU
		{B8DD1B20-9B2C-4D4E-9E9C-94BB71398F92}.Release|Any CPU.ActiveCfg = Release|Any CPU
		{B8DD1B20-9B2C-4D4E-9E9C-94BB71398F92}.Release|Any CPU.Build.0 = Release|Any CPU
	EndGlobalSection
	GlobalSection(SolutionProperties) = preSolution
		HideSolutionNode = FALSE
	EndGlobalSection
	GlobalSection(ExtensibilityGlobals) = postSolution
		SolutionGuid = {DBF4F47B-0F0B-4CA0-AD03-9008C1C923CB}
	EndGlobalSection
EndGlobal
